// !$*UTF8*$!
{
	archiveVersion = 1;
	classes = {
	};
	objectVersion = 55;
	objects = {

/* Begin PBXBuildFile section */
		796C9DD578F5B3FFFCFEBBBE /* Pods_CarsOnMap.framework in Frameworks */ = {isa = PBXBuildFile; fileRef = 4427CC4A6FB65909F317B058 /* Pods_CarsOnMap.framework */; };
		AF9450136B38894708078834 /* Pods_CarsOnMap_CarsOnMapUITests.framework in Frameworks */ = {isa = PBXBuildFile; fileRef = 7340109A51C746EB851738EC /* Pods_CarsOnMap_CarsOnMapUITests.framework */; };
		C2579799CFCC38A542026BCE /* Pods_CarsOnMapTests.framework in Frameworks */ = {isa = PBXBuildFile; fileRef = 6B0DEE8A8B74D43F8F54BBC6 /* Pods_CarsOnMapTests.framework */; };
		DA16E97A27636C9C00AE3AA8 /* MoyaProviderFactory.swift in Sources */ = {isa = PBXBuildFile; fileRef = DA16E97927636C9C00AE3AA8 /* MoyaProviderFactory.swift */; };
		DA16E97B27636D4300AE3AA8 /* MoyaProviderFactory.swift in Sources */ = {isa = PBXBuildFile; fileRef = DA16E97927636C9C00AE3AA8 /* MoyaProviderFactory.swift */; };
		DA16E97C27636D4400AE3AA8 /* MoyaProviderFactory.swift in Sources */ = {isa = PBXBuildFile; fileRef = DA16E97927636C9C00AE3AA8 /* MoyaProviderFactory.swift */; };
		DA16E97E2763706500AE3AA8 /* RequestResourceFactory.swift in Sources */ = {isa = PBXBuildFile; fileRef = DA16E97D2763706500AE3AA8 /* RequestResourceFactory.swift */; };
		DA16E97F2763706500AE3AA8 /* RequestResourceFactory.swift in Sources */ = {isa = PBXBuildFile; fileRef = DA16E97D2763706500AE3AA8 /* RequestResourceFactory.swift */; };
		DA16E9802763706500AE3AA8 /* RequestResourceFactory.swift in Sources */ = {isa = PBXBuildFile; fileRef = DA16E97D2763706500AE3AA8 /* RequestResourceFactory.swift */; };
		DA16E9812763713600AE3AA8 /* MockCarRequestResource.swift in Sources */ = {isa = PBXBuildFile; fileRef = DAE62AFC2762D76F005C9358 /* MockCarRequestResource.swift */; };
		DA16E9822763713700AE3AA8 /* MockCarRequestResource.swift in Sources */ = {isa = PBXBuildFile; fileRef = DAE62AFC2762D76F005C9358 /* MockCarRequestResource.swift */; };
		DA1B2B222753FC9600DC930B /* Array+CLLocationCoordinate2D.swift in Sources */ = {isa = PBXBuildFile; fileRef = DA1B2B212753FC9600DC930B /* Array+CLLocationCoordinate2D.swift */; };
		DA1B2B232753FD1C00DC930B /* Array+CLLocationCoordinate2D.swift in Sources */ = {isa = PBXBuildFile; fileRef = DA1B2B212753FC9600DC930B /* Array+CLLocationCoordinate2D.swift */; };
		DA1B2B2B27543FA800DC930B /* CarsOnMapAPITarget.swift in Sources */ = {isa = PBXBuildFile; fileRef = DAD0AACF275270BB00EA872E /* CarsOnMapAPITarget.swift */; };
		DA1B2B2C27543FA900DC930B /* CarsOnMapAPITarget.swift in Sources */ = {isa = PBXBuildFile; fileRef = DAD0AACF275270BB00EA872E /* CarsOnMapAPITarget.swift */; };
		DA1B2B2D27543FB000DC930B /* RequestResource.swift in Sources */ = {isa = PBXBuildFile; fileRef = DA25D61E2753CF8000FB41A5 /* RequestResource.swift */; };
		DA1B2B2E27543FB100DC930B /* RequestResource.swift in Sources */ = {isa = PBXBuildFile; fileRef = DA25D61E2753CF8000FB41A5 /* RequestResource.swift */; };
		DA1B2B2F27543FB400DC930B /* CarsRequestResource.swift in Sources */ = {isa = PBXBuildFile; fileRef = DA25D6202753D1ED00FB41A5 /* CarsRequestResource.swift */; };
		DA1B2B3027543FB400DC930B /* CarsRequestResource.swift in Sources */ = {isa = PBXBuildFile; fileRef = DA25D6202753D1ED00FB41A5 /* CarsRequestResource.swift */; };
		DA1B2B3127543FBC00DC930B /* Car.swift in Sources */ = {isa = PBXBuildFile; fileRef = DAD0AADE2752892D00EA872E /* Car.swift */; };
		DA1B2B3227543FBC00DC930B /* Car.swift in Sources */ = {isa = PBXBuildFile; fileRef = DAD0AADE2752892D00EA872E /* Car.swift */; };
		DA1B2B3327543FC600DC930B /* CachePolicyPlugin.swift in Sources */ = {isa = PBXBuildFile; fileRef = DA25D6232753E1E200FB41A5 /* CachePolicyPlugin.swift */; };
		DA1B2B3427543FC700DC930B /* CachePolicyPlugin.swift in Sources */ = {isa = PBXBuildFile; fileRef = DA25D6232753E1E200FB41A5 /* CachePolicyPlugin.swift */; };
		DA1B2B39275440EC00DC930B /* Array+CLLocationCoordinate2D.swift in Sources */ = {isa = PBXBuildFile; fileRef = DA1B2B212753FC9600DC930B /* Array+CLLocationCoordinate2D.swift */; };
		DA25D61F2753CF8000FB41A5 /* RequestResource.swift in Sources */ = {isa = PBXBuildFile; fileRef = DA25D61E2753CF8000FB41A5 /* RequestResource.swift */; };
		DA25D6212753D1ED00FB41A5 /* CarsRequestResource.swift in Sources */ = {isa = PBXBuildFile; fileRef = DA25D6202753D1ED00FB41A5 /* CarsRequestResource.swift */; };
		DA25D6242753E1E200FB41A5 /* CachePolicyPlugin.swift in Sources */ = {isa = PBXBuildFile; fileRef = DA25D6232753E1E200FB41A5 /* CachePolicyPlugin.swift */; };
		DA854C07275D87FE007AD56B /* GoogleService-Info.plist in Resources */ = {isa = PBXBuildFile; fileRef = DA854C06275D87FE007AD56B /* GoogleService-Info.plist */; };
		DA854C0A275D89B6007AD56B /* FirebaseAnalytics in Frameworks */ = {isa = PBXBuildFile; productRef = DA854C09275D89B6007AD56B /* FirebaseAnalytics */; };
		DA854C0C275D89B6007AD56B /* FirebaseAnalyticsWithoutAdIdSupport in Frameworks */ = {isa = PBXBuildFile; productRef = DA854C0B275D89B6007AD56B /* FirebaseAnalyticsWithoutAdIdSupport */; };
		DA854C0E275D89B6007AD56B /* FirebaseAppCheck in Frameworks */ = {isa = PBXBuildFile; productRef = DA854C0D275D89B6007AD56B /* FirebaseAppCheck */; };
		DA854C10275D89B6007AD56B /* FirebaseCrashlytics in Frameworks */ = {isa = PBXBuildFile; productRef = DA854C0F275D89B6007AD56B /* FirebaseCrashlytics */; };
		DAC13F2A2753ABA000CAB941 /* CarDetailHeaderView.swift in Sources */ = {isa = PBXBuildFile; fileRef = DAC13F292753AB9F00CAB941 /* CarDetailHeaderView.swift */; };
		DAC13F2C2753ABCE00CAB941 /* CarDetailBodyView.swift in Sources */ = {isa = PBXBuildFile; fileRef = DAC13F2B2753ABCE00CAB941 /* CarDetailBodyView.swift */; };
		DAD0AA99275266E300EA872E /* CarsOnMapApp.swift in Sources */ = {isa = PBXBuildFile; fileRef = DAD0AA98275266E300EA872E /* CarsOnMapApp.swift */; };
		DAD0AAA0275266EA00EA872E /* Preview Assets.xcassets in Resources */ = {isa = PBXBuildFile; fileRef = DAD0AA9F275266EA00EA872E /* Preview Assets.xcassets */; };
		DAD0AAAA275266EB00EA872E /* CarsOnMapTests.swift in Sources */ = {isa = PBXBuildFile; fileRef = DAD0AAA9275266EB00EA872E /* CarsOnMapTests.swift */; };
		DAD0AAB4275266EB00EA872E /* CarsOnMapUITests.swift in Sources */ = {isa = PBXBuildFile; fileRef = DAD0AAB3275266EB00EA872E /* CarsOnMapUITests.swift */; };
		DAD0AAB6275266EB00EA872E /* CarsOnMapUITestsLaunchTests.swift in Sources */ = {isa = PBXBuildFile; fileRef = DAD0AAB5275266EB00EA872E /* CarsOnMapUITestsLaunchTests.swift */; };
		DAD0AAD0275270BB00EA872E /* CarsOnMapAPITarget.swift in Sources */ = {isa = PBXBuildFile; fileRef = DAD0AACF275270BB00EA872E /* CarsOnMapAPITarget.swift */; };
		DAD0AAD42752759000EA872E /* AppDelegate.swift in Sources */ = {isa = PBXBuildFile; fileRef = DAD0AAD32752759000EA872E /* AppDelegate.swift */; };
		DAD0AADC2752858200EA872E /* MapViewModel.swift in Sources */ = {isa = PBXBuildFile; fileRef = DAD0AADB2752858200EA872E /* MapViewModel.swift */; };
		DAD0AADF2752892D00EA872E /* Car.swift in Sources */ = {isa = PBXBuildFile; fileRef = DAD0AADE2752892D00EA872E /* Car.swift */; };
		DAD0AAE62752C03B00EA872E /* MapView.swift in Sources */ = {isa = PBXBuildFile; fileRef = DAD0AAE52752C03B00EA872E /* MapView.swift */; };
		DAD0AAE82752CB2D00EA872E /* Assets.xcassets in Resources */ = {isa = PBXBuildFile; fileRef = DAD0AAE72752CB2D00EA872E /* Assets.xcassets */; };
		DAD0AAEA2752CD0B00EA872E /* PinView.swift in Sources */ = {isa = PBXBuildFile; fileRef = DAD0AAE92752CD0B00EA872E /* PinView.swift */; };
		DAD0AAEC2752DF3100EA872E /* MainView.swift in Sources */ = {isa = PBXBuildFile; fileRef = DAD0AAEB2752DF3100EA872E /* MainView.swift */; };
		DAD0AAF02752DFBF00EA872E /* CarListView.swift in Sources */ = {isa = PBXBuildFile; fileRef = DAD0AAEF2752DFBF00EA872E /* CarListView.swift */; };
		DAD0AAF22752DFF000EA872E /* CarListViewModel.swift in Sources */ = {isa = PBXBuildFile; fileRef = DAD0AAF12752DFF000EA872E /* CarListViewModel.swift */; };
		DAD0AAF42752E19500EA872E /* CarDetailView.swift in Sources */ = {isa = PBXBuildFile; fileRef = DAD0AAF32752E19500EA872E /* CarDetailView.swift */; };
		DAE62AFD2762D76F005C9358 /* MockCarRequestResource.swift in Sources */ = {isa = PBXBuildFile; fileRef = DAE62AFC2762D76F005C9358 /* MockCarRequestResource.swift */; };
		DAE62B0A2762E262005C9358 /* CarListPageObject.swift in Sources */ = {isa = PBXBuildFile; fileRef = DAE62B092762E262005C9358 /* CarListPageObject.swift */; };
		DAE62B0B2762E262005C9358 /* CarListPageObject.swift in Sources */ = {isa = PBXBuildFile; fileRef = DAE62B092762E262005C9358 /* CarListPageObject.swift */; };
		DAE62B0C2762E262005C9358 /* CarListPageObject.swift in Sources */ = {isa = PBXBuildFile; fileRef = DAE62B092762E262005C9358 /* CarListPageObject.swift */; };
/* End PBXBuildFile section */

/* Begin PBXContainerItemProxy section */
		DAD0AAA6275266EB00EA872E /* PBXContainerItemProxy */ = {
			isa = PBXContainerItemProxy;
			containerPortal = DAD0AA8D275266E200EA872E /* Project object */;
			proxyType = 1;
			remoteGlobalIDString = DAD0AA94275266E200EA872E;
			remoteInfo = CarsOnMap;
		};
		DAD0AAB0275266EB00EA872E /* PBXContainerItemProxy */ = {
			isa = PBXContainerItemProxy;
			containerPortal = DAD0AA8D275266E200EA872E /* Project object */;
			proxyType = 1;
			remoteGlobalIDString = DAD0AA94275266E200EA872E;
			remoteInfo = CarsOnMap;
		};
/* End PBXContainerItemProxy section */

/* Begin PBXFileReference section */
		275BBFEAA435FF9F01DF4E26 /* Pods-CarsOnMap-CarsOnMapUITests.debug.xcconfig */ = {isa = PBXFileReference; includeInIndex = 1; lastKnownFileType = text.xcconfig; name = "Pods-CarsOnMap-CarsOnMapUITests.debug.xcconfig"; path = "Target Support Files/Pods-CarsOnMap-CarsOnMapUITests/Pods-CarsOnMap-CarsOnMapUITests.debug.xcconfig"; sourceTree = "<group>"; };
		4092F21DF3CDBB4E84C25F93 /* Pods-CarsOnMap.debug.xcconfig */ = {isa = PBXFileReference; includeInIndex = 1; lastKnownFileType = text.xcconfig; name = "Pods-CarsOnMap.debug.xcconfig"; path = "Target Support Files/Pods-CarsOnMap/Pods-CarsOnMap.debug.xcconfig"; sourceTree = "<group>"; };
		4427CC4A6FB65909F317B058 /* Pods_CarsOnMap.framework */ = {isa = PBXFileReference; explicitFileType = wrapper.framework; includeInIndex = 0; path = Pods_CarsOnMap.framework; sourceTree = BUILT_PRODUCTS_DIR; };
		44D949FB7A111B7C75629073 /* Pods-CarsOnMapTests.release.xcconfig */ = {isa = PBXFileReference; includeInIndex = 1; lastKnownFileType = text.xcconfig; name = "Pods-CarsOnMapTests.release.xcconfig"; path = "Target Support Files/Pods-CarsOnMapTests/Pods-CarsOnMapTests.release.xcconfig"; sourceTree = "<group>"; };
		5460A0C00535C3ABAC1E9B5F /* Pods-CarsOnMap-CarsOnMapUITests.release.xcconfig */ = {isa = PBXFileReference; includeInIndex = 1; lastKnownFileType = text.xcconfig; name = "Pods-CarsOnMap-CarsOnMapUITests.release.xcconfig"; path = "Target Support Files/Pods-CarsOnMap-CarsOnMapUITests/Pods-CarsOnMap-CarsOnMapUITests.release.xcconfig"; sourceTree = "<group>"; };
		6B0DEE8A8B74D43F8F54BBC6 /* Pods_CarsOnMapTests.framework */ = {isa = PBXFileReference; explicitFileType = wrapper.framework; includeInIndex = 0; path = Pods_CarsOnMapTests.framework; sourceTree = BUILT_PRODUCTS_DIR; };
		7340109A51C746EB851738EC /* Pods_CarsOnMap_CarsOnMapUITests.framework */ = {isa = PBXFileReference; explicitFileType = wrapper.framework; includeInIndex = 0; path = Pods_CarsOnMap_CarsOnMapUITests.framework; sourceTree = BUILT_PRODUCTS_DIR; };
		9E4CABB7EE94444784AC0770 /* Pods-CarsOnMap.release.xcconfig */ = {isa = PBXFileReference; includeInIndex = 1; lastKnownFileType = text.xcconfig; name = "Pods-CarsOnMap.release.xcconfig"; path = "Target Support Files/Pods-CarsOnMap/Pods-CarsOnMap.release.xcconfig"; sourceTree = "<group>"; };
		DA16E97927636C9C00AE3AA8 /* MoyaProviderFactory.swift */ = {isa = PBXFileReference; lastKnownFileType = sourcecode.swift; path = MoyaProviderFactory.swift; sourceTree = "<group>"; };
		DA16E97D2763706500AE3AA8 /* RequestResourceFactory.swift */ = {isa = PBXFileReference; lastKnownFileType = sourcecode.swift; path = RequestResourceFactory.swift; sourceTree = "<group>"; };
		DA1B2B212753FC9600DC930B /* Array+CLLocationCoordinate2D.swift */ = {isa = PBXFileReference; lastKnownFileType = sourcecode.swift; path = "Array+CLLocationCoordinate2D.swift"; sourceTree = "<group>"; };
		DA25D61E2753CF8000FB41A5 /* RequestResource.swift */ = {isa = PBXFileReference; lastKnownFileType = sourcecode.swift; path = RequestResource.swift; sourceTree = "<group>"; };
		DA25D6202753D1ED00FB41A5 /* CarsRequestResource.swift */ = {isa = PBXFileReference; lastKnownFileType = sourcecode.swift; path = CarsRequestResource.swift; sourceTree = "<group>"; };
		DA25D6232753E1E200FB41A5 /* CachePolicyPlugin.swift */ = {isa = PBXFileReference; lastKnownFileType = sourcecode.swift; path = CachePolicyPlugin.swift; sourceTree = "<group>"; };
		DA854C06275D87FE007AD56B /* GoogleService-Info.plist */ = {isa = PBXFileReference; fileEncoding = 4; lastKnownFileType = text.plist.xml; path = "GoogleService-Info.plist"; sourceTree = "<group>"; };
		DAC13F292753AB9F00CAB941 /* CarDetailHeaderView.swift */ = {isa = PBXFileReference; lastKnownFileType = sourcecode.swift; path = CarDetailHeaderView.swift; sourceTree = "<group>"; };
		DAC13F2B2753ABCE00CAB941 /* CarDetailBodyView.swift */ = {isa = PBXFileReference; lastKnownFileType = sourcecode.swift; path = CarDetailBodyView.swift; sourceTree = "<group>"; };
		DAD0AA95275266E300EA872E /* CarsOnMap.app */ = {isa = PBXFileReference; explicitFileType = wrapper.application; includeInIndex = 0; path = CarsOnMap.app; sourceTree = BUILT_PRODUCTS_DIR; };
		DAD0AA98275266E300EA872E /* CarsOnMapApp.swift */ = {isa = PBXFileReference; lastKnownFileType = sourcecode.swift; path = CarsOnMapApp.swift; sourceTree = "<group>"; };
		DAD0AA9F275266EA00EA872E /* Preview Assets.xcassets */ = {isa = PBXFileReference; lastKnownFileType = folder.assetcatalog; path = "Preview Assets.xcassets"; sourceTree = "<group>"; };
		DAD0AAA5275266EB00EA872E /* CarsOnMapTests.xctest */ = {isa = PBXFileReference; explicitFileType = wrapper.cfbundle; includeInIndex = 0; path = CarsOnMapTests.xctest; sourceTree = BUILT_PRODUCTS_DIR; };
		DAD0AAA9275266EB00EA872E /* CarsOnMapTests.swift */ = {isa = PBXFileReference; lastKnownFileType = sourcecode.swift; path = CarsOnMapTests.swift; sourceTree = "<group>"; };
		DAD0AAAF275266EB00EA872E /* CarsOnMapUITests.xctest */ = {isa = PBXFileReference; explicitFileType = wrapper.cfbundle; includeInIndex = 0; path = CarsOnMapUITests.xctest; sourceTree = BUILT_PRODUCTS_DIR; };
		DAD0AAB3275266EB00EA872E /* CarsOnMapUITests.swift */ = {isa = PBXFileReference; lastKnownFileType = sourcecode.swift; path = CarsOnMapUITests.swift; sourceTree = "<group>"; };
		DAD0AAB5275266EB00EA872E /* CarsOnMapUITestsLaunchTests.swift */ = {isa = PBXFileReference; lastKnownFileType = sourcecode.swift; path = CarsOnMapUITestsLaunchTests.swift; sourceTree = "<group>"; };
		DAD0AACF275270BB00EA872E /* CarsOnMapAPITarget.swift */ = {isa = PBXFileReference; fileEncoding = 4; lastKnownFileType = sourcecode.swift; path = CarsOnMapAPITarget.swift; sourceTree = "<group>"; };
		DAD0AAD32752759000EA872E /* AppDelegate.swift */ = {isa = PBXFileReference; lastKnownFileType = sourcecode.swift; path = AppDelegate.swift; sourceTree = "<group>"; };
		DAD0AADB2752858200EA872E /* MapViewModel.swift */ = {isa = PBXFileReference; lastKnownFileType = sourcecode.swift; path = MapViewModel.swift; sourceTree = "<group>"; };
		DAD0AADE2752892D00EA872E /* Car.swift */ = {isa = PBXFileReference; lastKnownFileType = sourcecode.swift; path = Car.swift; sourceTree = "<group>"; };
		DAD0AAE52752C03B00EA872E /* MapView.swift */ = {isa = PBXFileReference; lastKnownFileType = sourcecode.swift; path = MapView.swift; sourceTree = "<group>"; };
		DAD0AAE72752CB2D00EA872E /* Assets.xcassets */ = {isa = PBXFileReference; lastKnownFileType = folder.assetcatalog; path = Assets.xcassets; sourceTree = "<group>"; };
		DAD0AAE92752CD0B00EA872E /* PinView.swift */ = {isa = PBXFileReference; lastKnownFileType = sourcecode.swift; path = PinView.swift; sourceTree = "<group>"; };
		DAD0AAEB2752DF3100EA872E /* MainView.swift */ = {isa = PBXFileReference; lastKnownFileType = sourcecode.swift; path = MainView.swift; sourceTree = "<group>"; };
		DAD0AAEF2752DFBF00EA872E /* CarListView.swift */ = {isa = PBXFileReference; lastKnownFileType = sourcecode.swift; path = CarListView.swift; sourceTree = "<group>"; };
		DAD0AAF12752DFF000EA872E /* CarListViewModel.swift */ = {isa = PBXFileReference; lastKnownFileType = sourcecode.swift; path = CarListViewModel.swift; sourceTree = "<group>"; };
		DAD0AAF32752E19500EA872E /* CarDetailView.swift */ = {isa = PBXFileReference; lastKnownFileType = sourcecode.swift; path = CarDetailView.swift; sourceTree = "<group>"; };
		DAE62AFC2762D76F005C9358 /* MockCarRequestResource.swift */ = {isa = PBXFileReference; lastKnownFileType = sourcecode.swift; path = MockCarRequestResource.swift; sourceTree = "<group>"; };
		DAE62B092762E262005C9358 /* CarListPageObject.swift */ = {isa = PBXFileReference; lastKnownFileType = sourcecode.swift; path = CarListPageObject.swift; sourceTree = "<group>"; };
		DD929640818DBCF3394AFD55 /* Pods-CarsOnMapTests.debug.xcconfig */ = {isa = PBXFileReference; includeInIndex = 1; lastKnownFileType = text.xcconfig; name = "Pods-CarsOnMapTests.debug.xcconfig"; path = "Target Support Files/Pods-CarsOnMapTests/Pods-CarsOnMapTests.debug.xcconfig"; sourceTree = "<group>"; };
/* End PBXFileReference section */

/* Begin PBXFrameworksBuildPhase section */
		DAD0AA92275266E200EA872E /* Frameworks */ = {
			isa = PBXFrameworksBuildPhase;
			buildActionMask = 2147483647;
			files = (
				DA854C0E275D89B6007AD56B /* FirebaseAppCheck in Frameworks */,
				DA854C0A275D89B6007AD56B /* FirebaseAnalytics in Frameworks */,
				DA854C10275D89B6007AD56B /* FirebaseCrashlytics in Frameworks */,
				DA854C0C275D89B6007AD56B /* FirebaseAnalyticsWithoutAdIdSupport in Frameworks */,
				796C9DD578F5B3FFFCFEBBBE /* Pods_CarsOnMap.framework in Frameworks */,
			);
			runOnlyForDeploymentPostprocessing = 0;
		};
		DAD0AAA2275266EB00EA872E /* Frameworks */ = {
			isa = PBXFrameworksBuildPhase;
			buildActionMask = 2147483647;
			files = (
				C2579799CFCC38A542026BCE /* Pods_CarsOnMapTests.framework in Frameworks */,
			);
			runOnlyForDeploymentPostprocessing = 0;
		};
		DAD0AAAC275266EB00EA872E /* Frameworks */ = {
			isa = PBXFrameworksBuildPhase;
			buildActionMask = 2147483647;
			files = (
				AF9450136B38894708078834 /* Pods_CarsOnMap_CarsOnMapUITests.framework in Frameworks */,
			);
			runOnlyForDeploymentPostprocessing = 0;
		};
/* End PBXFrameworksBuildPhase section */

/* Begin PBXGroup section */
		07563D96E351B11C0B774C0E /* Frameworks */ = {
			isa = PBXGroup;
			children = (
				4427CC4A6FB65909F317B058 /* Pods_CarsOnMap.framework */,
				7340109A51C746EB851738EC /* Pods_CarsOnMap_CarsOnMapUITests.framework */,
				6B0DEE8A8B74D43F8F54BBC6 /* Pods_CarsOnMapTests.framework */,
			);
			name = Frameworks;
			sourceTree = "<group>";
		};
		B611F7AD04741AE59B5C93A6 /* Pods */ = {
			isa = PBXGroup;
			children = (
				4092F21DF3CDBB4E84C25F93 /* Pods-CarsOnMap.debug.xcconfig */,
				9E4CABB7EE94444784AC0770 /* Pods-CarsOnMap.release.xcconfig */,
				275BBFEAA435FF9F01DF4E26 /* Pods-CarsOnMap-CarsOnMapUITests.debug.xcconfig */,
				5460A0C00535C3ABAC1E9B5F /* Pods-CarsOnMap-CarsOnMapUITests.release.xcconfig */,
				DD929640818DBCF3394AFD55 /* Pods-CarsOnMapTests.debug.xcconfig */,
				44D949FB7A111B7C75629073 /* Pods-CarsOnMapTests.release.xcconfig */,
			);
			path = Pods;
			sourceTree = "<group>";
		};
		DA16E97827636C7800AE3AA8 /* Factories */ = {
			isa = PBXGroup;
			children = (
				DA16E97927636C9C00AE3AA8 /* MoyaProviderFactory.swift */,
				DA16E97D2763706500AE3AA8 /* RequestResourceFactory.swift */,
			);
			path = Factories;
			sourceTree = "<group>";
		};
		DA25D61D2753CF6D00FB41A5 /* RequestResources */ = {
			isa = PBXGroup;
			children = (
				DA25D61E2753CF8000FB41A5 /* RequestResource.swift */,
				DA25D6202753D1ED00FB41A5 /* CarsRequestResource.swift */,
			);
			path = RequestResources;
			sourceTree = "<group>";
		};
		DA25D6222753E18C00FB41A5 /* Extensions */ = {
			isa = PBXGroup;
			children = (
				DA25D6232753E1E200FB41A5 /* CachePolicyPlugin.swift */,
				DA1B2B212753FC9600DC930B /* Array+CLLocationCoordinate2D.swift */,
			);
			path = Extensions;
			sourceTree = "<group>";
		};
		DAC13F2D2753B11700CAB941 /* CarDetails */ = {
			isa = PBXGroup;
			children = (
				DAD0AAF32752E19500EA872E /* CarDetailView.swift */,
				DAC13F292753AB9F00CAB941 /* CarDetailHeaderView.swift */,
				DAC13F2B2753ABCE00CAB941 /* CarDetailBodyView.swift */,
			);
			path = CarDetails;
			sourceTree = "<group>";
		};
		DAD0AA8C275266E200EA872E = {
			isa = PBXGroup;
			children = (
				DAD0AA97275266E300EA872E /* CarsOnMap */,
				DAD0AAA8275266EB00EA872E /* CarsOnMapTests */,
				DAD0AAB2275266EB00EA872E /* CarsOnMapUITests */,
				DAD0AA96275266E300EA872E /* Products */,
				B611F7AD04741AE59B5C93A6 /* Pods */,
				07563D96E351B11C0B774C0E /* Frameworks */,
			);
			sourceTree = "<group>";
		};
		DAD0AA96275266E300EA872E /* Products */ = {
			isa = PBXGroup;
			children = (
				DAD0AA95275266E300EA872E /* CarsOnMap.app */,
				DAD0AAA5275266EB00EA872E /* CarsOnMapTests.xctest */,
				DAD0AAAF275266EB00EA872E /* CarsOnMapUITests.xctest */,
			);
			name = Products;
			sourceTree = "<group>";
		};
		DAD0AA97275266E300EA872E /* CarsOnMap */ = {
			isa = PBXGroup;
			children = (
				DA16E97827636C7800AE3AA8 /* Factories */,
				DA25D6222753E18C00FB41A5 /* Extensions */,
				DA25D61D2753CF6D00FB41A5 /* RequestResources */,
				DAD0AADD2752891800EA872E /* Models */,
				DAD0AAD62752836600EA872E /* ViewModels */,
				DAD0AAD5275282F700EA872E /* Views */,
				DAD0AACD27526F1700EA872E /* Services */,
				DAD0AA9E275266EA00EA872E /* Preview Content */,
				DAD0AA98275266E300EA872E /* CarsOnMapApp.swift */,
				DAD0AAD32752759000EA872E /* AppDelegate.swift */,
				DAD0AAE72752CB2D00EA872E /* Assets.xcassets */,
				DA854C06275D87FE007AD56B /* GoogleService-Info.plist */,
			);
			path = CarsOnMap;
			sourceTree = "<group>";
		};
		DAD0AA9E275266EA00EA872E /* Preview Content */ = {
			isa = PBXGroup;
			children = (
				DAD0AA9F275266EA00EA872E /* Preview Assets.xcassets */,
			);
			path = "Preview Content";
			sourceTree = "<group>";
		};
		DAD0AAA8275266EB00EA872E /* CarsOnMapTests */ = {
			isa = PBXGroup;
			children = (
				DAD0AAA9275266EB00EA872E /* CarsOnMapTests.swift */,
			);
			path = CarsOnMapTests;
			sourceTree = "<group>";
		};
		DAD0AAB2275266EB00EA872E /* CarsOnMapUITests */ = {
			isa = PBXGroup;
			children = (
				DAE62B082762E230005C9358 /* PageObjects */,
				DAE62AFB2762D75C005C9358 /* Mocks */,
				DAD0AAB3275266EB00EA872E /* CarsOnMapUITests.swift */,
				DAD0AAB5275266EB00EA872E /* CarsOnMapUITestsLaunchTests.swift */,
			);
			path = CarsOnMapUITests;
			sourceTree = "<group>";
		};
		DAD0AACD27526F1700EA872E /* Services */ = {
			isa = PBXGroup;
			children = (
				DAD0AACF275270BB00EA872E /* CarsOnMapAPITarget.swift */,
			);
			path = Services;
			sourceTree = "<group>";
		};
		DAD0AAD5275282F700EA872E /* Views */ = {
			isa = PBXGroup;
			children = (
				DAD0AAEE2752DFA400EA872E /* CarList */,
				DAD0AAED2752DF8800EA872E /* CarMap */,
				DAD0AAEB2752DF3100EA872E /* MainView.swift */,
			);
			path = Views;
			sourceTree = "<group>";
		};
		DAD0AAD62752836600EA872E /* ViewModels */ = {
			isa = PBXGroup;
			children = (
				DAD0AADB2752858200EA872E /* MapViewModel.swift */,
				DAD0AAF12752DFF000EA872E /* CarListViewModel.swift */,
			);
			path = ViewModels;
			sourceTree = "<group>";
		};
		DAD0AADD2752891800EA872E /* Models */ = {
			isa = PBXGroup;
			children = (
				DAD0AADE2752892D00EA872E /* Car.swift */,
			);
			path = Models;
			sourceTree = "<group>";
		};
		DAD0AAED2752DF8800EA872E /* CarMap */ = {
			isa = PBXGroup;
			children = (
				DAD0AAE52752C03B00EA872E /* MapView.swift */,
				DAD0AAE92752CD0B00EA872E /* PinView.swift */,
			);
			path = CarMap;
			sourceTree = "<group>";
		};
		DAD0AAEE2752DFA400EA872E /* CarList */ = {
			isa = PBXGroup;
			children = (
				DAD0AAEF2752DFBF00EA872E /* CarListView.swift */,
				DAC13F2D2753B11700CAB941 /* CarDetails */,
			);
			path = CarList;
			sourceTree = "<group>";
		};
		DAE62AFB2762D75C005C9358 /* Mocks */ = {
			isa = PBXGroup;
			children = (
				DAE62AFC2762D76F005C9358 /* MockCarRequestResource.swift */,
			);
			path = Mocks;
			sourceTree = "<group>";
		};
		DAE62B082762E230005C9358 /* PageObjects */ = {
			isa = PBXGroup;
			children = (
				DAE62B092762E262005C9358 /* CarListPageObject.swift */,
			);
			path = PageObjects;
			sourceTree = "<group>";
		};
/* End PBXGroup section */

/* Begin PBXNativeTarget section */
		DAD0AA94275266E200EA872E /* CarsOnMap */ = {
			isa = PBXNativeTarget;
			buildConfigurationList = DAD0AAB9275266EB00EA872E /* Build configuration list for PBXNativeTarget "CarsOnMap" */;
			buildPhases = (
				DC3252DF68EBCDF5332C62B6 /* [CP] Check Pods Manifest.lock */,
				DAD0AA91275266E200EA872E /* Sources */,
				DAD0AA92275266E200EA872E /* Frameworks */,
				DAD0AA93275266E200EA872E /* Resources */,
				D35DC6FF33378AF06780B3CF /* [CP] Embed Pods Frameworks */,
				DA854C11275D8B3E007AD56B /* ShellScript */,
			);
			buildRules = (
			);
			dependencies = (
			);
			name = CarsOnMap;
			packageProductDependencies = (
				DA854C09275D89B6007AD56B /* FirebaseAnalytics */,
				DA854C0B275D89B6007AD56B /* FirebaseAnalyticsWithoutAdIdSupport */,
				DA854C0D275D89B6007AD56B /* FirebaseAppCheck */,
				DA854C0F275D89B6007AD56B /* FirebaseCrashlytics */,
			);
			productName = CarsOnMap;
			productReference = DAD0AA95275266E300EA872E /* CarsOnMap.app */;
			productType = "com.apple.product-type.application";
		};
		DAD0AAA4275266EB00EA872E /* CarsOnMapTests */ = {
			isa = PBXNativeTarget;
			buildConfigurationList = DAD0AABC275266EB00EA872E /* Build configuration list for PBXNativeTarget "CarsOnMapTests" */;
			buildPhases = (
				E85A04935244642A491D98FB /* [CP] Check Pods Manifest.lock */,
				DAD0AAA1275266EB00EA872E /* Sources */,
				DAD0AAA2275266EB00EA872E /* Frameworks */,
				DAD0AAA3275266EB00EA872E /* Resources */,
			);
			buildRules = (
			);
			dependencies = (
				DAD0AAA7275266EB00EA872E /* PBXTargetDependency */,
			);
			name = CarsOnMapTests;
			productName = CarsOnMapTests;
			productReference = DAD0AAA5275266EB00EA872E /* CarsOnMapTests.xctest */;
			productType = "com.apple.product-type.bundle.unit-test";
		};
		DAD0AAAE275266EB00EA872E /* CarsOnMapUITests */ = {
			isa = PBXNativeTarget;
			buildConfigurationList = DAD0AABF275266EB00EA872E /* Build configuration list for PBXNativeTarget "CarsOnMapUITests" */;
			buildPhases = (
				2F8409EF37A0B6A1BE064BAA /* [CP] Check Pods Manifest.lock */,
				DAD0AAAB275266EB00EA872E /* Sources */,
				DAD0AAAC275266EB00EA872E /* Frameworks */,
				DAD0AAAD275266EB00EA872E /* Resources */,
				586128A1C076273BAA175493 /* [CP] Embed Pods Frameworks */,
			);
			buildRules = (
			);
			dependencies = (
				DAD0AAB1275266EB00EA872E /* PBXTargetDependency */,
			);
			name = CarsOnMapUITests;
			productName = CarsOnMapUITests;
			productReference = DAD0AAAF275266EB00EA872E /* CarsOnMapUITests.xctest */;
			productType = "com.apple.product-type.bundle.ui-testing";
		};
/* End PBXNativeTarget section */

/* Begin PBXProject section */
		DAD0AA8D275266E200EA872E /* Project object */ = {
			isa = PBXProject;
			attributes = {
				BuildIndependentTargetsInParallel = 1;
				LastSwiftUpdateCheck = 1310;
				LastUpgradeCheck = 1310;
				TargetAttributes = {
					DAD0AA94275266E200EA872E = {
						CreatedOnToolsVersion = 13.1;
					};
					DAD0AAA4275266EB00EA872E = {
						CreatedOnToolsVersion = 13.1;
						TestTargetID = DAD0AA94275266E200EA872E;
					};
					DAD0AAAE275266EB00EA872E = {
						CreatedOnToolsVersion = 13.1;
						TestTargetID = DAD0AA94275266E200EA872E;
					};
				};
			};
			buildConfigurationList = DAD0AA90275266E200EA872E /* Build configuration list for PBXProject "CarsOnMap" */;
			compatibilityVersion = "Xcode 13.0";
			developmentRegion = en;
			hasScannedForEncodings = 0;
			knownRegions = (
				en,
				Base,
			);
			mainGroup = DAD0AA8C275266E200EA872E;
			packageReferences = (
				DA854C08275D89B6007AD56B /* XCRemoteSwiftPackageReference "firebase-ios-sdk" */,
			);
			productRefGroup = DAD0AA96275266E300EA872E /* Products */;
			projectDirPath = "";
			projectRoot = "";
			targets = (
				DAD0AA94275266E200EA872E /* CarsOnMap */,
				DAD0AAA4275266EB00EA872E /* CarsOnMapTests */,
				DAD0AAAE275266EB00EA872E /* CarsOnMapUITests */,
			);
		};
/* End PBXProject section */

/* Begin PBXResourcesBuildPhase section */
		DAD0AA93275266E200EA872E /* Resources */ = {
			isa = PBXResourcesBuildPhase;
			buildActionMask = 2147483647;
			files = (
				DA854C07275D87FE007AD56B /* GoogleService-Info.plist in Resources */,
				DAD0AAE82752CB2D00EA872E /* Assets.xcassets in Resources */,
				DAD0AAA0275266EA00EA872E /* Preview Assets.xcassets in Resources */,
			);
			runOnlyForDeploymentPostprocessing = 0;
		};
		DAD0AAA3275266EB00EA872E /* Resources */ = {
			isa = PBXResourcesBuildPhase;
			buildActionMask = 2147483647;
			files = (
			);
			runOnlyForDeploymentPostprocessing = 0;
		};
		DAD0AAAD275266EB00EA872E /* Resources */ = {
			isa = PBXResourcesBuildPhase;
			buildActionMask = 2147483647;
			files = (
			);
			runOnlyForDeploymentPostprocessing = 0;
		};
/* End PBXResourcesBuildPhase section */

/* Begin PBXShellScriptBuildPhase section */
		2F8409EF37A0B6A1BE064BAA /* [CP] Check Pods Manifest.lock */ = {
			isa = PBXShellScriptBuildPhase;
			buildActionMask = 2147483647;
			files = (
			);
			inputFileListPaths = (
			);
			inputPaths = (
				"${PODS_PODFILE_DIR_PATH}/Podfile.lock",
				"${PODS_ROOT}/Manifest.lock",
			);
			name = "[CP] Check Pods Manifest.lock";
			outputFileListPaths = (
			);
			outputPaths = (
				"$(DERIVED_FILE_DIR)/Pods-CarsOnMap-CarsOnMapUITests-checkManifestLockResult.txt",
			);
			runOnlyForDeploymentPostprocessing = 0;
			shellPath = /bin/sh;
			shellScript = "diff \"${PODS_PODFILE_DIR_PATH}/Podfile.lock\" \"${PODS_ROOT}/Manifest.lock\" > /dev/null\nif [ $? != 0 ] ; then\n    # print error to STDERR\n    echo \"error: The sandbox is not in sync with the Podfile.lock. Run 'pod install' or update your CocoaPods installation.\" >&2\n    exit 1\nfi\n# This output is used by Xcode 'outputs' to avoid re-running this script phase.\necho \"SUCCESS\" > \"${SCRIPT_OUTPUT_FILE_0}\"\n";
			showEnvVarsInLog = 0;
		};
		586128A1C076273BAA175493 /* [CP] Embed Pods Frameworks */ = {
			isa = PBXShellScriptBuildPhase;
			buildActionMask = 2147483647;
			files = (
			);
			inputFileListPaths = (
				"${PODS_ROOT}/Target Support Files/Pods-CarsOnMap-CarsOnMapUITests/Pods-CarsOnMap-CarsOnMapUITests-frameworks-${CONFIGURATION}-input-files.xcfilelist",
			);
			name = "[CP] Embed Pods Frameworks";
			outputFileListPaths = (
				"${PODS_ROOT}/Target Support Files/Pods-CarsOnMap-CarsOnMapUITests/Pods-CarsOnMap-CarsOnMapUITests-frameworks-${CONFIGURATION}-output-files.xcfilelist",
			);
			runOnlyForDeploymentPostprocessing = 0;
			shellPath = /bin/sh;
			shellScript = "\"${PODS_ROOT}/Target Support Files/Pods-CarsOnMap-CarsOnMapUITests/Pods-CarsOnMap-CarsOnMapUITests-frameworks.sh\"\n";
			showEnvVarsInLog = 0;
		};
		D35DC6FF33378AF06780B3CF /* [CP] Embed Pods Frameworks */ = {
			isa = PBXShellScriptBuildPhase;
			buildActionMask = 2147483647;
			files = (
			);
			inputFileListPaths = (
				"${PODS_ROOT}/Target Support Files/Pods-CarsOnMap/Pods-CarsOnMap-frameworks-${CONFIGURATION}-input-files.xcfilelist",
			);
			name = "[CP] Embed Pods Frameworks";
			outputFileListPaths = (
				"${PODS_ROOT}/Target Support Files/Pods-CarsOnMap/Pods-CarsOnMap-frameworks-${CONFIGURATION}-output-files.xcfilelist",
			);
			runOnlyForDeploymentPostprocessing = 0;
			shellPath = /bin/sh;
			shellScript = "\"${PODS_ROOT}/Target Support Files/Pods-CarsOnMap/Pods-CarsOnMap-frameworks.sh\"\n";
			showEnvVarsInLog = 0;
		};
		DA854C11275D8B3E007AD56B /* ShellScript */ = {
			isa = PBXShellScriptBuildPhase;
			buildActionMask = 2147483647;
			files = (
			);
			inputFileListPaths = (
			);
			inputPaths = (
				"${DWARF_DSYM_FOLDER_PATH}/${DWARF_DSYM_FILE_NAME}/Contents/Resources/DWARF/${TARGET_NAME}",
				"$(SRCROOT)/$(BUILT_PRODUCTS_DIR)/$(INFOPLIST_PATH)",
			);
			outputFileListPaths = (
			);
			outputPaths = (
			);
			runOnlyForDeploymentPostprocessing = 0;
			shellPath = /bin/sh;
			shellScript = "# Type a script or drag a script file from your workspace to insert its path.\n\"${BUILD_DIR%/Build/*}/SourcePackages/checkouts/firebase-ios-sdk/Crashlytics/run\"\n";
		};
		DC3252DF68EBCDF5332C62B6 /* [CP] Check Pods Manifest.lock */ = {
			isa = PBXShellScriptBuildPhase;
			buildActionMask = 2147483647;
			files = (
			);
			inputFileListPaths = (
			);
			inputPaths = (
				"${PODS_PODFILE_DIR_PATH}/Podfile.lock",
				"${PODS_ROOT}/Manifest.lock",
			);
			name = "[CP] Check Pods Manifest.lock";
			outputFileListPaths = (
			);
			outputPaths = (
				"$(DERIVED_FILE_DIR)/Pods-CarsOnMap-checkManifestLockResult.txt",
			);
			runOnlyForDeploymentPostprocessing = 0;
			shellPath = /bin/sh;
			shellScript = "diff \"${PODS_PODFILE_DIR_PATH}/Podfile.lock\" \"${PODS_ROOT}/Manifest.lock\" > /dev/null\nif [ $? != 0 ] ; then\n    # print error to STDERR\n    echo \"error: The sandbox is not in sync with the Podfile.lock. Run 'pod install' or update your CocoaPods installation.\" >&2\n    exit 1\nfi\n# This output is used by Xcode 'outputs' to avoid re-running this script phase.\necho \"SUCCESS\" > \"${SCRIPT_OUTPUT_FILE_0}\"\n";
			showEnvVarsInLog = 0;
		};
		E85A04935244642A491D98FB /* [CP] Check Pods Manifest.lock */ = {
			isa = PBXShellScriptBuildPhase;
			buildActionMask = 2147483647;
			files = (
			);
			inputFileListPaths = (
			);
			inputPaths = (
				"${PODS_PODFILE_DIR_PATH}/Podfile.lock",
				"${PODS_ROOT}/Manifest.lock",
			);
			name = "[CP] Check Pods Manifest.lock";
			outputFileListPaths = (
			);
			outputPaths = (
				"$(DERIVED_FILE_DIR)/Pods-CarsOnMapTests-checkManifestLockResult.txt",
			);
			runOnlyForDeploymentPostprocessing = 0;
			shellPath = /bin/sh;
			shellScript = "diff \"${PODS_PODFILE_DIR_PATH}/Podfile.lock\" \"${PODS_ROOT}/Manifest.lock\" > /dev/null\nif [ $? != 0 ] ; then\n    # print error to STDERR\n    echo \"error: The sandbox is not in sync with the Podfile.lock. Run 'pod install' or update your CocoaPods installation.\" >&2\n    exit 1\nfi\n# This output is used by Xcode 'outputs' to avoid re-running this script phase.\necho \"SUCCESS\" > \"${SCRIPT_OUTPUT_FILE_0}\"\n";
			showEnvVarsInLog = 0;
		};
/* End PBXShellScriptBuildPhase section */

/* Begin PBXSourcesBuildPhase section */
		DAD0AA91275266E200EA872E /* Sources */ = {
			isa = PBXSourcesBuildPhase;
			buildActionMask = 2147483647;
			files = (
				DA16E9812763713600AE3AA8 /* MockCarRequestResource.swift in Sources */,
				DAD0AAF22752DFF000EA872E /* CarListViewModel.swift in Sources */,
				DAD0AAE62752C03B00EA872E /* MapView.swift in Sources */,
				DAD0AAEC2752DF3100EA872E /* MainView.swift in Sources */,
				DAD0AA99275266E300EA872E /* CarsOnMapApp.swift in Sources */,
				DA25D6212753D1ED00FB41A5 /* CarsRequestResource.swift in Sources */,
				DA25D6242753E1E200FB41A5 /* CachePolicyPlugin.swift in Sources */,
				DAD0AAEA2752CD0B00EA872E /* PinView.swift in Sources */,
				DA1B2B222753FC9600DC930B /* Array+CLLocationCoordinate2D.swift in Sources */,
				DAE62B0A2762E262005C9358 /* CarListPageObject.swift in Sources */,
				DAC13F2A2753ABA000CAB941 /* CarDetailHeaderView.swift in Sources */,
				DAD0AAD0275270BB00EA872E /* CarsOnMapAPITarget.swift in Sources */,
				DAC13F2C2753ABCE00CAB941 /* CarDetailBodyView.swift in Sources */,
				DAD0AAD42752759000EA872E /* AppDelegate.swift in Sources */,
				DAD0AAF42752E19500EA872E /* CarDetailView.swift in Sources */,
				DAD0AADF2752892D00EA872E /* Car.swift in Sources */,
				DA25D61F2753CF8000FB41A5 /* RequestResource.swift in Sources */,
				DA16E97E2763706500AE3AA8 /* RequestResourceFactory.swift in Sources */,
				DAD0AADC2752858200EA872E /* MapViewModel.swift in Sources */,
				DA16E97A27636C9C00AE3AA8 /* MoyaProviderFactory.swift in Sources */,
				DAD0AAF02752DFBF00EA872E /* CarListView.swift in Sources */,
			);
			runOnlyForDeploymentPostprocessing = 0;
		};
		DAD0AAA1275266EB00EA872E /* Sources */ = {
			isa = PBXSourcesBuildPhase;
			buildActionMask = 2147483647;
			files = (
				DA16E97B27636D4300AE3AA8 /* MoyaProviderFactory.swift in Sources */,
				DAE62B0B2762E262005C9358 /* CarListPageObject.swift in Sources */,
				DAD0AAAA275266EB00EA872E /* CarsOnMapTests.swift in Sources */,
				DA1B2B2D27543FB000DC930B /* RequestResource.swift in Sources */,
				DA1B2B3127543FBC00DC930B /* Car.swift in Sources */,
				DA16E9822763713700AE3AA8 /* MockCarRequestResource.swift in Sources */,
				DA1B2B3327543FC600DC930B /* CachePolicyPlugin.swift in Sources */,
				DA16E97F2763706500AE3AA8 /* RequestResourceFactory.swift in Sources */,
				DA1B2B2B27543FA800DC930B /* CarsOnMapAPITarget.swift in Sources */,
				DA1B2B232753FD1C00DC930B /* Array+CLLocationCoordinate2D.swift in Sources */,
				DA1B2B2F27543FB400DC930B /* CarsRequestResource.swift in Sources */,
			);
			runOnlyForDeploymentPostprocessing = 0;
		};
		DAD0AAAB275266EB00EA872E /* Sources */ = {
			isa = PBXSourcesBuildPhase;
			buildActionMask = 2147483647;
			files = (
				DAE62B0C2762E262005C9358 /* CarListPageObject.swift in Sources */,
				DAD0AAB4275266EB00EA872E /* CarsOnMapUITests.swift in Sources */,
				DA1B2B2E27543FB100DC930B /* RequestResource.swift in Sources */,
				DAE62AFD2762D76F005C9358 /* MockCarRequestResource.swift in Sources */,
				DA16E97C27636D4400AE3AA8 /* MoyaProviderFactory.swift in Sources */,
				DA1B2B3227543FBC00DC930B /* Car.swift in Sources */,
				DA1B2B3427543FC700DC930B /* CachePolicyPlugin.swift in Sources */,
				DA1B2B2C27543FA900DC930B /* CarsOnMapAPITarget.swift in Sources */,
				DA16E9802763706500AE3AA8 /* RequestResourceFactory.swift in Sources */,
				DAD0AAB6275266EB00EA872E /* CarsOnMapUITestsLaunchTests.swift in Sources */,
				DA1B2B3027543FB400DC930B /* CarsRequestResource.swift in Sources */,
				DA1B2B39275440EC00DC930B /* Array+CLLocationCoordinate2D.swift in Sources */,
			);
			runOnlyForDeploymentPostprocessing = 0;
		};
/* End PBXSourcesBuildPhase section */

/* Begin PBXTargetDependency section */
		DAD0AAA7275266EB00EA872E /* PBXTargetDependency */ = {
			isa = PBXTargetDependency;
			target = DAD0AA94275266E200EA872E /* CarsOnMap */;
			targetProxy = DAD0AAA6275266EB00EA872E /* PBXContainerItemProxy */;
		};
		DAD0AAB1275266EB00EA872E /* PBXTargetDependency */ = {
			isa = PBXTargetDependency;
			target = DAD0AA94275266E200EA872E /* CarsOnMap */;
			targetProxy = DAD0AAB0275266EB00EA872E /* PBXContainerItemProxy */;
		};
/* End PBXTargetDependency section */

/* Begin XCBuildConfiguration section */
		DAD0AAB7275266EB00EA872E /* Debug */ = {
			isa = XCBuildConfiguration;
			buildSettings = {
				ALWAYS_SEARCH_USER_PATHS = NO;
				CLANG_ANALYZER_NONNULL = YES;
				CLANG_ANALYZER_NUMBER_OBJECT_CONVERSION = YES_AGGRESSIVE;
				CLANG_CXX_LANGUAGE_STANDARD = "gnu++17";
				CLANG_CXX_LIBRARY = "libc++";
				CLANG_ENABLE_MODULES = YES;
				CLANG_ENABLE_OBJC_ARC = YES;
				CLANG_ENABLE_OBJC_WEAK = YES;
				CLANG_WARN_BLOCK_CAPTURE_AUTORELEASING = YES;
				CLANG_WARN_BOOL_CONVERSION = YES;
				CLANG_WARN_COMMA = YES;
				CLANG_WARN_CONSTANT_CONVERSION = YES;
				CLANG_WARN_DEPRECATED_OBJC_IMPLEMENTATIONS = YES;
				CLANG_WARN_DIRECT_OBJC_ISA_USAGE = YES_ERROR;
				CLANG_WARN_DOCUMENTATION_COMMENTS = YES;
				CLANG_WARN_EMPTY_BODY = YES;
				CLANG_WARN_ENUM_CONVERSION = YES;
				CLANG_WARN_INFINITE_RECURSION = YES;
				CLANG_WARN_INT_CONVERSION = YES;
				CLANG_WARN_NON_LITERAL_NULL_CONVERSION = YES;
				CLANG_WARN_OBJC_IMPLICIT_RETAIN_SELF = YES;
				CLANG_WARN_OBJC_LITERAL_CONVERSION = YES;
				CLANG_WARN_OBJC_ROOT_CLASS = YES_ERROR;
				CLANG_WARN_QUOTED_INCLUDE_IN_FRAMEWORK_HEADER = YES;
				CLANG_WARN_RANGE_LOOP_ANALYSIS = YES;
				CLANG_WARN_STRICT_PROTOTYPES = YES;
				CLANG_WARN_SUSPICIOUS_MOVE = YES;
				CLANG_WARN_UNGUARDED_AVAILABILITY = YES_AGGRESSIVE;
				CLANG_WARN_UNREACHABLE_CODE = YES;
				CLANG_WARN__DUPLICATE_METHOD_MATCH = YES;
				COPY_PHASE_STRIP = NO;
				DEBUG_INFORMATION_FORMAT = dwarf;
				ENABLE_STRICT_OBJC_MSGSEND = YES;
				ENABLE_TESTABILITY = YES;
				GCC_C_LANGUAGE_STANDARD = gnu11;
				GCC_DYNAMIC_NO_PIC = NO;
				GCC_NO_COMMON_BLOCKS = YES;
				GCC_OPTIMIZATION_LEVEL = 0;
				GCC_PREPROCESSOR_DEFINITIONS = (
					"DEBUG=1",
					"$(inherited)",
				);
				GCC_WARN_64_TO_32_BIT_CONVERSION = YES;
				GCC_WARN_ABOUT_RETURN_TYPE = YES_ERROR;
				GCC_WARN_UNDECLARED_SELECTOR = YES;
				GCC_WARN_UNINITIALIZED_AUTOS = YES_AGGRESSIVE;
				GCC_WARN_UNUSED_FUNCTION = YES;
				GCC_WARN_UNUSED_VARIABLE = YES;
				IPHONEOS_DEPLOYMENT_TARGET = 15.0;
				MTL_ENABLE_DEBUG_INFO = INCLUDE_SOURCE;
				MTL_FAST_MATH = YES;
				ONLY_ACTIVE_ARCH = YES;
				SDKROOT = iphoneos;
				SWIFT_ACTIVE_COMPILATION_CONDITIONS = DEBUG;
				SWIFT_OPTIMIZATION_LEVEL = "-Onone";
			};
			name = Debug;
		};
		DAD0AAB8275266EB00EA872E /* Release */ = {
			isa = XCBuildConfiguration;
			buildSettings = {
				ALWAYS_SEARCH_USER_PATHS = NO;
				CLANG_ANALYZER_NONNULL = YES;
				CLANG_ANALYZER_NUMBER_OBJECT_CONVERSION = YES_AGGRESSIVE;
				CLANG_CXX_LANGUAGE_STANDARD = "gnu++17";
				CLANG_CXX_LIBRARY = "libc++";
				CLANG_ENABLE_MODULES = YES;
				CLANG_ENABLE_OBJC_ARC = YES;
				CLANG_ENABLE_OBJC_WEAK = YES;
				CLANG_WARN_BLOCK_CAPTURE_AUTORELEASING = YES;
				CLANG_WARN_BOOL_CONVERSION = YES;
				CLANG_WARN_COMMA = YES;
				CLANG_WARN_CONSTANT_CONVERSION = YES;
				CLANG_WARN_DEPRECATED_OBJC_IMPLEMENTATIONS = YES;
				CLANG_WARN_DIRECT_OBJC_ISA_USAGE = YES_ERROR;
				CLANG_WARN_DOCUMENTATION_COMMENTS = YES;
				CLANG_WARN_EMPTY_BODY = YES;
				CLANG_WARN_ENUM_CONVERSION = YES;
				CLANG_WARN_INFINITE_RECURSION = YES;
				CLANG_WARN_INT_CONVERSION = YES;
				CLANG_WARN_NON_LITERAL_NULL_CONVERSION = YES;
				CLANG_WARN_OBJC_IMPLICIT_RETAIN_SELF = YES;
				CLANG_WARN_OBJC_LITERAL_CONVERSION = YES;
				CLANG_WARN_OBJC_ROOT_CLASS = YES_ERROR;
				CLANG_WARN_QUOTED_INCLUDE_IN_FRAMEWORK_HEADER = YES;
				CLANG_WARN_RANGE_LOOP_ANALYSIS = YES;
				CLANG_WARN_STRICT_PROTOTYPES = YES;
				CLANG_WARN_SUSPICIOUS_MOVE = YES;
				CLANG_WARN_UNGUARDED_AVAILABILITY = YES_AGGRESSIVE;
				CLANG_WARN_UNREACHABLE_CODE = YES;
				CLANG_WARN__DUPLICATE_METHOD_MATCH = YES;
				COPY_PHASE_STRIP = NO;
				DEBUG_INFORMATION_FORMAT = "dwarf-with-dsym";
				ENABLE_NS_ASSERTIONS = NO;
				ENABLE_STRICT_OBJC_MSGSEND = YES;
				GCC_C_LANGUAGE_STANDARD = gnu11;
				GCC_NO_COMMON_BLOCKS = YES;
				GCC_WARN_64_TO_32_BIT_CONVERSION = YES;
				GCC_WARN_ABOUT_RETURN_TYPE = YES_ERROR;
				GCC_WARN_UNDECLARED_SELECTOR = YES;
				GCC_WARN_UNINITIALIZED_AUTOS = YES_AGGRESSIVE;
				GCC_WARN_UNUSED_FUNCTION = YES;
				GCC_WARN_UNUSED_VARIABLE = YES;
				IPHONEOS_DEPLOYMENT_TARGET = 15.0;
				MTL_ENABLE_DEBUG_INFO = NO;
				MTL_FAST_MATH = YES;
				SDKROOT = iphoneos;
				SWIFT_COMPILATION_MODE = wholemodule;
				SWIFT_OPTIMIZATION_LEVEL = "-O";
				VALIDATE_PRODUCT = YES;
			};
			name = Release;
		};
		DAD0AABA275266EB00EA872E /* Debug */ = {
			isa = XCBuildConfiguration;
			baseConfigurationReference = 4092F21DF3CDBB4E84C25F93 /* Pods-CarsOnMap.debug.xcconfig */;
			buildSettings = {
				ALWAYS_EMBED_SWIFT_STANDARD_LIBRARIES = "$(inherited)";
				ASSETCATALOG_COMPILER_APPICON_NAME = AppIcon;
				ASSETCATALOG_COMPILER_GLOBAL_ACCENT_COLOR_NAME = AccentColor;
				CODE_SIGN_STYLE = Automatic;
				CURRENT_PROJECT_VERSION = 1;
				DEBUG_INFORMATION_FORMAT = "dwarf-with-dsym";
				DEVELOPMENT_ASSET_PATHS = "\"CarsOnMap/Preview Content\"";
				DEVELOPMENT_TEAM = GHT955K56B;
				ENABLE_PREVIEWS = YES;
				GENERATE_INFOPLIST_FILE = YES;
				INFOPLIST_KEY_UIApplicationSceneManifest_Generation = YES;
				INFOPLIST_KEY_UIApplicationSupportsIndirectInputEvents = YES;
				INFOPLIST_KEY_UILaunchScreen_Generation = YES;
				INFOPLIST_KEY_UISupportedInterfaceOrientations_iPad = "UIInterfaceOrientationPortrait UIInterfaceOrientationPortraitUpsideDown UIInterfaceOrientationLandscapeLeft UIInterfaceOrientationLandscapeRight";
				INFOPLIST_KEY_UISupportedInterfaceOrientations_iPhone = "UIInterfaceOrientationPortrait UIInterfaceOrientationLandscapeLeft UIInterfaceOrientationLandscapeRight";
				LD_RUNPATH_SEARCH_PATHS = (
					"$(inherited)",
					"@executable_path/Frameworks",
				);
				MARKETING_VERSION = 1.0;
				PRODUCT_BUNDLE_IDENTIFIER = com.ozanyaldir.CarsOnMap;
				PRODUCT_NAME = "$(TARGET_NAME)";
				SWIFT_EMIT_LOC_STRINGS = YES;
				SWIFT_VERSION = 5.0;
				SYSTEM_FRAMEWORK_SEARCH_PATHS = (
					"$(DEVELOPER_DIR)/Platforms/MacOSX.platform/Developer/Library/Frameworks",
					"$(inherited)",
				);
				TARGETED_DEVICE_FAMILY = "1,2";
			};
			name = Debug;
		};
		DAD0AABB275266EB00EA872E /* Release */ = {
			isa = XCBuildConfiguration;
			baseConfigurationReference = 9E4CABB7EE94444784AC0770 /* Pods-CarsOnMap.release.xcconfig */;
			buildSettings = {
				ALWAYS_EMBED_SWIFT_STANDARD_LIBRARIES = "$(inherited)";
				ASSETCATALOG_COMPILER_APPICON_NAME = AppIcon;
				ASSETCATALOG_COMPILER_GLOBAL_ACCENT_COLOR_NAME = AccentColor;
				CODE_SIGN_STYLE = Automatic;
				CURRENT_PROJECT_VERSION = 1;
				DEVELOPMENT_ASSET_PATHS = "\"CarsOnMap/Preview Content\"";
				DEVELOPMENT_TEAM = GHT955K56B;
				ENABLE_PREVIEWS = YES;
				GENERATE_INFOPLIST_FILE = YES;
				INFOPLIST_KEY_UIApplicationSceneManifest_Generation = YES;
				INFOPLIST_KEY_UIApplicationSupportsIndirectInputEvents = YES;
				INFOPLIST_KEY_UILaunchScreen_Generation = YES;
				INFOPLIST_KEY_UISupportedInterfaceOrientations_iPad = "UIInterfaceOrientationPortrait UIInterfaceOrientationPortraitUpsideDown UIInterfaceOrientationLandscapeLeft UIInterfaceOrientationLandscapeRight";
				INFOPLIST_KEY_UISupportedInterfaceOrientations_iPhone = "UIInterfaceOrientationPortrait UIInterfaceOrientationLandscapeLeft UIInterfaceOrientationLandscapeRight";
				LD_RUNPATH_SEARCH_PATHS = (
					"$(inherited)",
					"@executable_path/Frameworks",
				);
				MARKETING_VERSION = 1.0;
				PRODUCT_BUNDLE_IDENTIFIER = com.ozanyaldir.CarsOnMap;
				PRODUCT_NAME = "$(TARGET_NAME)";
				SWIFT_EMIT_LOC_STRINGS = YES;
				SWIFT_VERSION = 5.0;
				SYSTEM_FRAMEWORK_SEARCH_PATHS = (
					"$(DEVELOPER_DIR)/Platforms/MacOSX.platform/Developer/Library/Frameworks",
					"$(inherited)",
				);
				TARGETED_DEVICE_FAMILY = "1,2";
			};
			name = Release;
		};
		DAD0AABD275266EB00EA872E /* Debug */ = {
			isa = XCBuildConfiguration;
			baseConfigurationReference = DD929640818DBCF3394AFD55 /* Pods-CarsOnMapTests.debug.xcconfig */;
			buildSettings = {
				ALWAYS_EMBED_SWIFT_STANDARD_LIBRARIES = "$(inherited)";
				BUNDLE_LOADER = "$(TEST_HOST)";
				CODE_SIGN_STYLE = Automatic;
				CURRENT_PROJECT_VERSION = 1;
				DEVELOPMENT_TEAM = GHT955K56B;
				GENERATE_INFOPLIST_FILE = YES;
				IPHONEOS_DEPLOYMENT_TARGET = 15.0;
				LD_RUNPATH_SEARCH_PATHS = (
					"$(inherited)",
					"@executable_path/Frameworks",
					"@loader_path/Frameworks",
				);
				MARKETING_VERSION = 1.0;
				PRODUCT_BUNDLE_IDENTIFIER = com.ozanyaldir.CarsOnMapTests;
				PRODUCT_NAME = "$(TARGET_NAME)";
				SWIFT_EMIT_LOC_STRINGS = NO;
				SWIFT_VERSION = 5.0;
				TARGETED_DEVICE_FAMILY = "1,2";
				TEST_HOST = "$(BUILT_PRODUCTS_DIR)/CarsOnMap.app/CarsOnMap";
			};
			name = Debug;
		};
		DAD0AABE275266EB00EA872E /* Release */ = {
			isa = XCBuildConfiguration;
			baseConfigurationReference = 44D949FB7A111B7C75629073 /* Pods-CarsOnMapTests.release.xcconfig */;
			buildSettings = {
				ALWAYS_EMBED_SWIFT_STANDARD_LIBRARIES = "$(inherited)";
				BUNDLE_LOADER = "$(TEST_HOST)";
				CODE_SIGN_STYLE = Automatic;
				CURRENT_PROJECT_VERSION = 1;
				DEVELOPMENT_TEAM = GHT955K56B;
				GENERATE_INFOPLIST_FILE = YES;
				IPHONEOS_DEPLOYMENT_TARGET = 15.0;
				LD_RUNPATH_SEARCH_PATHS = (
					"$(inherited)",
					"@executable_path/Frameworks",
					"@loader_path/Frameworks",
				);
				MARKETING_VERSION = 1.0;
				PRODUCT_BUNDLE_IDENTIFIER = com.ozanyaldir.CarsOnMapTests;
				PRODUCT_NAME = "$(TARGET_NAME)";
				SWIFT_EMIT_LOC_STRINGS = NO;
				SWIFT_VERSION = 5.0;
				TARGETED_DEVICE_FAMILY = "1,2";
				TEST_HOST = "$(BUILT_PRODUCTS_DIR)/CarsOnMap.app/CarsOnMap";
			};
			name = Release;
		};
		DAD0AAC0275266EB00EA872E /* Debug */ = {
			isa = XCBuildConfiguration;
			baseConfigurationReference = 275BBFEAA435FF9F01DF4E26 /* Pods-CarsOnMap-CarsOnMapUITests.debug.xcconfig */;
			buildSettings = {
				ALWAYS_EMBED_SWIFT_STANDARD_LIBRARIES = "$(inherited)";
				CODE_SIGN_STYLE = Automatic;
				CURRENT_PROJECT_VERSION = 1;
				DEVELOPMENT_TEAM = GHT955K56B;
				GENERATE_INFOPLIST_FILE = YES;
				LD_RUNPATH_SEARCH_PATHS = (
					"$(inherited)",
					"@executable_path/Frameworks",
					"@loader_path/Frameworks",
				);
				MARKETING_VERSION = 1.0;
				PRODUCT_BUNDLE_IDENTIFIER = com.ozanyaldir.CarsOnMapUITests;
				PRODUCT_NAME = "$(TARGET_NAME)";
				SWIFT_EMIT_LOC_STRINGS = NO;
				SWIFT_VERSION = 5.0;
				TARGETED_DEVICE_FAMILY = "1,2";
				TEST_TARGET_NAME = CarsOnMap;
			};
			name = Debug;
		};
		DAD0AAC1275266EB00EA872E /* Release */ = {
			isa = XCBuildConfiguration;
			baseConfigurationReference = 5460A0C00535C3ABAC1E9B5F /* Pods-CarsOnMap-CarsOnMapUITests.release.xcconfig */;
			buildSettings = {
				ALWAYS_EMBED_SWIFT_STANDARD_LIBRARIES = "$(inherited)";
				CODE_SIGN_STYLE = Automatic;
				CURRENT_PROJECT_VERSION = 1;
				DEVELOPMENT_TEAM = GHT955K56B;
				GENERATE_INFOPLIST_FILE = YES;
				LD_RUNPATH_SEARCH_PATHS = (
					"$(inherited)",
					"@executable_path/Frameworks",
					"@loader_path/Frameworks",
				);
				MARKETING_VERSION = 1.0;
				PRODUCT_BUNDLE_IDENTIFIER = com.ozanyaldir.CarsOnMapUITests;
				PRODUCT_NAME = "$(TARGET_NAME)";
				SWIFT_EMIT_LOC_STRINGS = NO;
				SWIFT_VERSION = 5.0;
				TARGETED_DEVICE_FAMILY = "1,2";
				TEST_TARGET_NAME = CarsOnMap;
			};
			name = Release;
		};
/* End XCBuildConfiguration section */

/* Begin XCConfigurationList section */
		DAD0AA90275266E200EA872E /* Build configuration list for PBXProject "CarsOnMap" */ = {
			isa = XCConfigurationList;
			buildConfigurations = (
				DAD0AAB7275266EB00EA872E /* Debug */,
				DAD0AAB8275266EB00EA872E /* Release */,
			);
			defaultConfigurationIsVisible = 0;
			defaultConfigurationName = Release;
		};
		DAD0AAB9275266EB00EA872E /* Build configuration list for PBXNativeTarget "CarsOnMap" */ = {
			isa = XCConfigurationList;
			buildConfigurations = (
				DAD0AABA275266EB00EA872E /* Debug */,
				DAD0AABB275266EB00EA872E /* Release */,
			);
			defaultConfigurationIsVisible = 0;
			defaultConfigurationName = Release;
		};
		DAD0AABC275266EB00EA872E /* Build configuration list for PBXNativeTarget "CarsOnMapTests" */ = {
			isa = XCConfigurationList;
			buildConfigurations = (
				DAD0AABD275266EB00EA872E /* Debug */,
				DAD0AABE275266EB00EA872E /* Release */,
			);
			defaultConfigurationIsVisible = 0;
			defaultConfigurationName = Release;
		};
		DAD0AABF275266EB00EA872E /* Build configuration list for PBXNativeTarget "CarsOnMapUITests" */ = {
			isa = XCConfigurationList;
			buildConfigurations = (
				DAD0AAC0275266EB00EA872E /* Debug */,
				DAD0AAC1275266EB00EA872E /* Release */,
			);
			defaultConfigurationIsVisible = 0;
			defaultConfigurationName = Release;
		};
/* End XCConfigurationList section */

/* Begin XCRemoteSwiftPackageReference section */
		DA854C08275D89B6007AD56B /* XCRemoteSwiftPackageReference "firebase-ios-sdk" */ = {
			isa = XCRemoteSwiftPackageReference;
			repositoryURL = "https://github.com/firebase/firebase-ios-sdk";
			requirement = {
				kind = upToNextMajorVersion;
				minimumVersion = 8.0.0;
			};
		};
/* End XCRemoteSwiftPackageReference section */

/* Begin XCSwiftPackageProductDependency section */
		DA854C09275D89B6007AD56B /* FirebaseAnalytics */ = {
			isa = XCSwiftPackageProductDependency;
			package = DA854C08275D89B6007AD56B /* XCRemoteSwiftPackageReference "firebase-ios-sdk" */;
			productName = FirebaseAnalytics;
		};
		DA854C0B275D89B6007AD56B /* FirebaseAnalyticsWithoutAdIdSupport */ = {
			isa = XCSwiftPackageProductDependency;
			package = DA854C08275D89B6007AD56B /* XCRemoteSwiftPackageReference "firebase-ios-sdk" */;
			productName = FirebaseAnalyticsWithoutAdIdSupport;
		};
		DA854C0D275D89B6007AD56B /* FirebaseAppCheck */ = {
			isa = XCSwiftPackageProductDependency;
			package = DA854C08275D89B6007AD56B /* XCRemoteSwiftPackageReference "firebase-ios-sdk" */;
			productName = FirebaseAppCheck;
		};
		DA854C0F275D89B6007AD56B /* FirebaseCrashlytics */ = {
			isa = XCSwiftPackageProductDependency;
			package = DA854C08275D89B6007AD56B /* XCRemoteSwiftPackageReference "firebase-ios-sdk" */;
			productName = FirebaseCrashlytics;
		};
/* End XCSwiftPackageProductDependency section */
	};
	rootObject = DAD0AA8D275266E200EA872E /* Project object */;
}
